
Microsoft Visual Studio Solution File, Format Version 12.00
# Visual Studio Version 17
VisualStudioVersion = 17.3.32922.545
MinimumVisualStudioVersion = 10.0.40219.1
Project("{FAE04EC0-301F-11D3-BF4B-00C04F79EFBC}") = "ApiCatalogo2", "ApiCatalogo2\ApiCatalogo2.csproj", "{91EB6CDA-880E-4FBF-A151-CF3D89983D25}"
EndProject
Global
	GlobalSection(SolutionConfigurationPlatforms) = preSolution
		Debug|Any CPU = Debug|Any CPU
		Release|Any CPU = Release|Any CPU
	EndGlobalSection
	GlobalSection(ProjectConfigurationPlatforms) = postSolution
		{91EB6CDA-880E-4FBF-A151-CF3D89983D25}.Debug|Any CPU.ActiveCfg = Debug|Any CPU
		{91EB6CDA-880E-4FBF-A151-CF3D89983D25}.Debug|Any CPU.Build.0 = Debug|Any CPU
		{91EB6CDA-880E-4FBF-A151-CF3D89983D25}.Release|Any CPU.ActiveCfg = Release|Any CPU
		{91EB6CDA-880E-4FBF-A151-CF3D89983D25}.Release|Any CPU.Build.0 = Release|Any CPU
	EndGlobalSection
	GlobalSection(SolutionProperties) = preSolution
		HideSolutionNode = FALSE
	EndGlobalSection
	GlobalSection(ExtensibilityGlobals) = postSolution
		SolutionGuid = {8BB29267-D32C-46E9-B685-4C9D833B18E3}
	EndGlobalSection
EndGlobal
